
Microsoft Visual Studio Solution File, Format Version 12.00
# Visual Studio Version 17
VisualStudioVersion = 17.14.37628.2 d17.14
MinimumVisualStudioVersion = 10.0.40219.1
Project("{FAE04EC0-301F-11D3-BF4B-00C04F79EFBC}") = "Es1", "Es1\Es1.csproj", "{CA33DD53-7DC6-4B4E-95AA-1AFDAD82B832}"
EndProject
Global
	GlobalSection(SolutionConfigurationPlatforms) = preSolution
		Debug|Any CPU = Debug|Any CPU
		Release|Any CPU = Release|Any CPU
	EndGlobalSection
	GlobalSection(ProjectConfigurationPlatforms) = postSolution
		{CA33DD53-7DC6-4B4E-95AA-1AFDAD82B832}.Debug|Any CPU.ActiveCfg = Debug|Any CPU
		{CA33DD53-7DC6-4B4E-95AA-1AFDAD82B832}.Debug|Any CPU.Build.0 = Debug|Any CPU
		{CA33DD53-7DC6-4B4E-95AA-1AFDAD82B832}.Release|Any CPU.ActiveCfg = Release|Any CPU
		{CA33DD53-7DC6-4B4E-95AA-1AFDAD82B832}.Release|Any CPU.Build.0 = Release|Any CPU
	EndGlobalSection
	GlobalSection(SolutionProperties) = preSolution
		HideSolutionNode = FALSE
	EndGlobalSection
	GlobalSection(ExtensibilityGlobals) = postSolution
		SolutionGuid = {8966768D-FFDC-45C1-AF35-C13513517A56}
	EndGlobalSection
EndGlobal
